Microsoft Visual Studio Solution File, Format Version 12.00
# Visual Studio Version 17
VisualStudioVersion = 17.5.2.0
MinimumVisualStudioVersion = 10.0.40219.1
Project("{FAE04EC0-301F-11D3-BF4B-00C04F79EFBC}") = "VoiceTranscriptionApi", "VoiceTranscriptionApi\VoiceTranscriptionApi.csproj", "{CEE80DAF-1F2E-16CE-5114-99797B4A014D}"
EndProject
Global
	GlobalSection(SolutionConfigurationPlatforms) = preSolution
		Debug|Any CPU = Debug|Any CPU
		Release|Any CPU = Release|Any CPU
	EndGlobalSection
	GlobalSection(ProjectConfigurationPlatforms) = postSolution
		{CEE80DAF-1F2E-16CE-5114-99797B4A014D}.Debug|Any CPU.ActiveCfg = Debug|Any CPU
		{CEE80DAF-1F2E-16CE-5114-99797B4A014D}.Debug|Any CPU.Build.0 = Debug|Any CPU
		{CEE80DAF-1F2E-16CE-5114-99797B4A014D}.Release|Any CPU.ActiveCfg = Release|Any CPU
		{CEE80DAF-1F2E-16CE-5114-99797B4A014D}.Release|Any CPU.Build.0 = Release|Any CPU
	EndGlobalSection
	GlobalSection(SolutionProperties) = preSolution
		HideSolutionNode = FALSE
	EndGlobalSection
	GlobalSection(ExtensibilityGlobals) = postSolution
		SolutionGuid = {63CDF183-7DC1-4612-BB69-389AE0387450}
	EndGlobalSection
EndGlobal
